<?xml version="1.0" encoding="utf-8"?>
<Project ToolsVersion="4.0" xmlns="http://schemas.microsoft.com/developer/msbuild/2003">
  <ItemGroup>
    <Filter Include="소스 파일">
      <UniqueIdentifier>{4FC737F1-C7A5-4376-A066-2A32D752A2FF}</UniqueIdentifier>
      <Extensions>cpp;c;cc;cxx;c++;def;odl;idl;hpj;bat;asm;asmx</Extensions>
    </Filter>
    <Filter Include="헤더 파일">
      <UniqueIdentifier>{93995380-89BD-4b04-88EB-625FBE52EBFB}</UniqueIdentifier>
      <Extensions>h;hh;hpp;hxx;h++;hm;inl;inc;ipp;xsd</Extensions>
    </Filter>
    <Filter Include="리소스 파일">
      <UniqueIdentifier>{67DA6AB6-F800-4c08-8B7A-83BB121AAD01}</UniqueIdentifier>
      <Extensions>rc;ico;cur;bmp;dlg;rc2;rct;bin;rgs;gif;jpg;jpeg;jpe;resx;tiff;tif;png;wav;mfcribbon-ms</Extensions>
    </Filter>
  </ItemGroup>
  <ItemGroup>
    <ClCompile Include="helloworld.c">
      <Filter>소스 파일</Filter>
    </ClCompile>
    <ClCompile Include="won.c">
      <Filter>소스 파일</Filter>
    </ClCompile>
    <ClCompile Include="symbolic.c">
      <Filter>소스 파일</Filter>
    </ClCompile>
    <ClCompile Include="coin.cpp">
      <Filter>소스 파일</Filter>
    </ClCompile>
    <ClCompile Include="innt.cpp">
      <Filter>소스 파일</Filter>
    </ClCompile>
    <ClCompile Include="star.cpp">
      <Filter>소스 파일</Filter>
    </ClCompile>
    <ClCompile Include="ch.cpp">
      <Filter>소스 파일</Filter>
    </ClCompile>
    <ClCompile Include="cg.cpp">
      <Filter>소스 파일</Filter>
    </ClCompile>
    <ClCompile Include="zegui.cpp">
      <Filter>소스 파일</Filter>
    </ClCompile>
    <ClCompile Include="asdfg.cpp">
      <Filter>소스 파일</Filter>
    </ClCompile>
    <ClCompile Include="htrehsdf.cpp">
      <Filter>소스 파일</Filter>
    </ClCompile>
    <ClCompile Include="swapp.cpp">
      <Filter>소스 파일</Filter>
    </ClCompile>
    <ClCompile Include="mima.c">
      <Filter>소스 파일</Filter>
    </ClCompile>
    <ClCompile Include="reverse1.c">
      <Filter>소스 파일</Filter>
    </ClCompile>
    <ClCompile Include="rever.cpp">
      <Filter>소스 파일</Filter>
    </ClCompile>
    <ClCompile Include="adf.cpp">
      <Filter>소스 파일</Filter>
    </ClCompile>
    <ClCompile Include="project.cpp">
      <Filter>소스 파일</Filter>
    </ClCompile>
    <ClCompile Include="1주차.cpp">
      <Filter>소스 파일</Filter>
    </ClCompile>
    <ClCompile Include="txteditor.cpp">
      <Filter>소스 파일</Filter>
    </ClCompile>
  </ItemGroup>
  <ItemGroup>
    <ClInclude Include="circle.h">
      <Filter>헤더 파일</Filter>
    </ClInclude>
    <ClInclude Include="won.h">
      <Filter>헤더 파일</Filter>
    </ClInclude>
    <ClInclude Include="test.h">
      <Filter>헤더 파일</Filter>
    </ClInclude>
    <ClInclude Include="symbolic.h">
      <Filter>헤더 파일</Filter>
    </ClInclude>
    <ClInclude Include="dsa.h">
      <Filter>헤더 파일</Filter>
    </ClInclude>
    <ClInclude Include="coin.h">
      <Filter>헤더 파일</Filter>
    </ClInclude>
    <ClInclude Include="innt.h">
      <Filter>헤더 파일</Filter>
    </ClInclude>
    <ClInclude Include="star.h">
      <Filter>헤더 파일</Filter>
    </ClInclude>
    <ClInclude Include="ch.h">
      <Filter>헤더 파일</Filter>
    </ClInclude>
    <ClInclude Include="cg.h">
      <Filter>헤더 파일</Filter>
    </ClInclude>
    <ClInclude Include="sachic.h">
      <Filter>헤더 파일</Filter>
    </ClInclude>
    <ClInclude Include="zegui.h">
      <Filter>헤더 파일</Filter>
    </ClInclude>
    <ClInclude Include="asdfg.h">
      <Filter>헤더 파일</Filter>
    </ClInclude>
    <ClInclude Include="htrehsdf.h">
      <Filter>헤더 파일</Filter>
    </ClInclude>
    <ClInclude Include="swapp.h">
      <Filter>헤더 파일</Filter>
    </ClInclude>
    <ClInclude Include="minmax.h">
      <Filter>헤더 파일</Filter>
    </ClInclude>
    <ClInclude Include="mima.h">
      <Filter>헤더 파일</Filter>
    </ClInclude>
    <ClInclude Include="reverse.h">
      <Filter>헤더 파일</Filter>
    </ClInclude>
    <ClInclude Include="reverse1.h">
      <Filter>헤더 파일</Filter>
    </ClInclude>
    <ClInclude Include="rever.h">
      <Filter>헤더 파일</Filter>
    </ClInclude>
    <ClInclude Include="adf.h">
      <Filter>헤더 파일</Filter>
    </ClInclude>
    <ClInclude Include="resource.h">
      <Filter>헤더 파일</Filter>
    </ClInclude>
    <ClInclude Include="tictactoc.h">
      <Filter>헤더 파일</Filter>
    </ClInclude>
    <ClInclude Include="project.h">
      <Filter>헤더 파일</Filter>
    </ClInclude>
  </ItemGroup>
  <ItemGroup>
    <ResourceCompile Include="201702023.rc">
      <Filter>리소스 파일</Filter>
    </ResourceCompile>
  </ItemGroup>
</Project>